
Microsoft Visual Studio Solution File, Format Version 12.00
# Visual Studio Version 17
VisualStudioVersion = 17.8.34309.116
MinimumVisualStudioVersion = 10.0.40219.1
Project("{FAE04EC0-301F-11D3-BF4B-00C04F79EFBC}") = "DownloadService", "DownloadService.csproj", "{58A0CD0A-A604-4808-A181-76855F39C8ED}"
EndProject
Global
	GlobalSection(SolutionConfigurationPlatforms) = preSolution
		Debug|Any CPU = Debug|Any CPU
		Release|Any CPU = Release|Any CPU
	EndGlobalSection
	GlobalSection(ProjectConfigurationPlatforms) = postSolution
		{58A0CD0A-A604-4808-A181-76855F39C8ED}.Debug|Any CPU.ActiveCfg = Debug|Any CPU
		{58A0CD0A-A604-4808-A181-76855F39C8ED}.Debug|Any CPU.Build.0 = Debug|Any CPU
		{58A0CD0A-A604-4808-A181-76855F39C8ED}.Release|Any CPU.ActiveCfg = Release|Any CPU
		{58A0CD0A-A604-4808-A181-76855F39C8ED}.Release|Any CPU.Build.0 = Release|Any CPU
	EndGlobalSection
	GlobalSection(SolutionProperties) = preSolution
		HideSolutionNode = FALSE
	EndGlobalSection
	GlobalSection(ExtensibilityGlobals) = postSolution
		SolutionGuid = {B6DF5152-A9F9-4484-B968-7B6D4F377E81}
	EndGlobalSection
EndGlobal
